
Microsoft Visual Studio Solution File, Format Version 12.00
# Visual Studio Version 16
VisualStudioVersion = 16.0.29306.81
MinimumVisualStudioVersion = 10.0.40219.1
Project("{FAE04EC0-301F-11D3-BF4B-00C04F79EFBC}") = "RockPaperScissorsKata", "RockPaperScissorsKata\RockPaperScissorsKata.csproj", "{DA0F3855-8E1C-4A68-A802-A4601E142974}"
EndProject
Project("{FAE04EC0-301F-11D3-BF4B-00C04F79EFBC}") = "RockPaperScissorsKataTest", "RockPaperScissorsKataTest\RockPaperScissorsKataTest.csproj", "{71C88FB2-EB48-48CB-8151-9698FCADECBE}"
EndProject
Global
	GlobalSection(SolutionConfigurationPlatforms) = preSolution
		Debug|Any CPU = Debug|Any CPU
		Release|Any CPU = Release|Any CPU
	EndGlobalSection
	GlobalSection(ProjectConfigurationPlatforms) = postSolution
		{DA0F3855-8E1C-4A68-A802-A4601E142974}.Debug|Any CPU.ActiveCfg = Debug|Any CPU
		{DA0F3855-8E1C-4A68-A802-A4601E142974}.Debug|Any CPU.Build.0 = Debug|Any CPU
		{DA0F3855-8E1C-4A68-A802-A4601E142974}.Release|Any CPU.ActiveCfg = Release|Any CPU
		{DA0F3855-8E1C-4A68-A802-A4601E142974}.Release|Any CPU.Build.0 = Release|Any CPU
		{71C88FB2-EB48-48CB-8151-9698FCADECBE}.Debug|Any CPU.ActiveCfg = Debug|Any CPU
		{71C88FB2-EB48-48CB-8151-9698FCADECBE}.Debug|Any CPU.Build.0 = Debug|Any CPU
		{71C88FB2-EB48-48CB-8151-9698FCADECBE}.Release|Any CPU.ActiveCfg = Release|Any CPU
		{71C88FB2-EB48-48CB-8151-9698FCADECBE}.Release|Any CPU.Build.0 = Release|Any CPU
	EndGlobalSection
	GlobalSection(SolutionProperties) = preSolution
		HideSolutionNode = FALSE
	EndGlobalSection
	GlobalSection(ExtensibilityGlobals) = postSolution
		SolutionGuid = {1FC093E1-888F-4593-8E95-F5FE0202E809}
	EndGlobalSection
EndGlobal
